
Microsoft Visual Studio Solution File, Format Version 12.00
# Visual Studio 14
VisualStudioVersion = 14.0.25420.1
MinimumVisualStudioVersion = 10.0.40219.1
Project("{FAE04EC0-301F-11D3-BF4B-00C04F79EFBC}") = "Escc.WebAuthorMonitoring.Website", "Escc.WebAuthorMonitoring.Website\Escc.WebAuthorMonitoring.Website.csproj", "{9BF421F4-3468-4692-92C0-13A4513738DB}"
EndProject
Project("{FAE04EC0-301F-11D3-BF4B-00C04F79EFBC}") = "Escc.WebAuthorMonitoring", "Escc.WebAuthorMonitoring\Escc.WebAuthorMonitoring.csproj", "{BFF367E6-C4F5-4A20-AC1D-E35EB05AA08F}"
EndProject
Project("{FAE04EC0-301F-11D3-BF4B-00C04F79EFBC}") = "Escc.WebAuthorMonitoring.MicrosoftCms", "Escc.WebAuthorMonitoring.MicrosoftCms\Escc.WebAuthorMonitoring.MicrosoftCms.csproj", "{07508A25-6564-4597-B56C-07DB1D7AA512}"
EndProject
Project("{FAE04EC0-301F-11D3-BF4B-00C04F79EFBC}") = "Escc.WebAuthorMonitoring.WebService", "Escc.WebAuthorMonitoring.WebService\Escc.WebAuthorMonitoring.WebService.csproj", "{8EDAD063-F23F-4050-B227-D4D0C025A8B8}"
EndProject
Project("{2150E333-8FDC-42A3-9474-1A3956D46DE8}") = "Solution Items", "Solution Items", "{7BB0378B-30C3-43C9-8049-83867EBFEB27}"
	ProjectSection(SolutionItems) = preProject
		.gitignore = .gitignore
		app-setup-dev.cmd = app-setup-dev.cmd
		app-setup-dev.ps1 = app-setup-dev.ps1
		LICENSE.md = LICENSE.md
		README.md = README.md
	EndProjectSection
EndProject
Global
	GlobalSection(SolutionConfigurationPlatforms) = preSolution
		Debug|Any CPU = Debug|Any CPU
		Release|Any CPU = Release|Any CPU
	EndGlobalSection
	GlobalSection(ProjectConfigurationPlatforms) = postSolution
		{9BF421F4-3468-4692-92C0-13A4513738DB}.Debug|Any CPU.ActiveCfg = Debug|Any CPU
		{9BF421F4-3468-4692-92C0-13A4513738DB}.Debug|Any CPU.Build.0 = Debug|Any CPU
		{9BF421F4-3468-4692-92C0-13A4513738DB}.Release|Any CPU.ActiveCfg = Release|Any CPU
		{9BF421F4-3468-4692-92C0-13A4513738DB}.Release|Any CPU.Build.0 = Release|Any CPU
		{BFF367E6-C4F5-4A20-AC1D-E35EB05AA08F}.Debug|Any CPU.ActiveCfg = Debug|Any CPU
		{BFF367E6-C4F5-4A20-AC1D-E35EB05AA08F}.Debug|Any CPU.Build.0 = Debug|Any CPU
		{BFF367E6-C4F5-4A20-AC1D-E35EB05AA08F}.Release|Any CPU.ActiveCfg = Release|Any CPU
		{BFF367E6-C4F5-4A20-AC1D-E35EB05AA08F}.Release|Any CPU.Build.0 = Release|Any CPU
		{07508A25-6564-4597-B56C-07DB1D7AA512}.Debug|Any CPU.ActiveCfg = Debug|Any CPU
		{07508A25-6564-4597-B56C-07DB1D7AA512}.Debug|Any CPU.Build.0 = Debug|Any CPU
		{07508A25-6564-4597-B56C-07DB1D7AA512}.Release|Any CPU.ActiveCfg = Release|Any CPU
		{07508A25-6564-4597-B56C-07DB1D7AA512}.Release|Any CPU.Build.0 = Release|Any CPU
		{8EDAD063-F23F-4050-B227-D4D0C025A8B8}.Debug|Any CPU.ActiveCfg = Debug|Any CPU
		{8EDAD063-F23F-4050-B227-D4D0C025A8B8}.Debug|Any CPU.Build.0 = Debug|Any CPU
		{8EDAD063-F23F-4050-B227-D4D0C025A8B8}.Release|Any CPU.ActiveCfg = Release|Any CPU
		{8EDAD063-F23F-4050-B227-D4D0C025A8B8}.Release|Any CPU.Build.0 = Release|Any CPU
	EndGlobalSection
	GlobalSection(SolutionProperties) = preSolution
		HideSolutionNode = FALSE
	EndGlobalSection
EndGlobal
